
Microsoft Visual Studio Solution File, Format Version 11.00
# Visual Studio 2010
Project("{FAE04EC0-301F-11D3-BF4B-00C04F79EFBC}") = "Assembly-CSharp", "Assembly-CSharp.csproj", "{262AAA07-522B-7C74-B0C1-DF6682A2B49C}"
EndProject
Project("{FAE04EC0-301F-11D3-BF4B-00C04F79EFBC}") = "VRMShaders.VRM10.MToon10.Runtime", "VRMShaders.VRM10.MToon10.Runtime.csproj", "{E88B2CE3-3290-CB3F-A341-5590C8ED106E}"
EndProject
Project("{FAE04EC0-301F-11D3-BF4B-00C04F79EFBC}") = "UniGLTF", "UniGLTF.csproj", "{BA8AAE4E-A9FF-8879-38AD-9D41111325B6}"
EndProject
Project("{FAE04EC0-301F-11D3-BF4B-00C04F79EFBC}") = "VRM", "VRM.csproj", "{36E5CFB1-B98B-734B-537A-D42CC5CE3BB7}"
EndProject
Project("{FAE04EC0-301F-11D3-BF4B-00C04F79EFBC}") = "VRMShaders.GLTF.IO.Runtime", "VRMShaders.GLTF.IO.Runtime.csproj", "{FAAA01DB-E496-3F68-119B-68150945E1FC}"
EndProject
Project("{FAE04EC0-301F-11D3-BF4B-00C04F79EFBC}") = "MToon", "MToon.csproj", "{B2A3BCDA-718C-A705-69E8-3EECBA8103E7}"
EndProject
Project("{FAE04EC0-301F-11D3-BF4B-00C04F79EFBC}") = "UniHumanoid", "UniHumanoid.csproj", "{DB6B130C-0920-CB61-90D9-23956D0A602E}"
EndProject
Project("{FAE04EC0-301F-11D3-BF4B-00C04F79EFBC}") = "VRMShaders.VRM.IO.Runtime", "VRMShaders.VRM.IO.Runtime.csproj", "{46B5334D-BE17-992B-A6A7-46C3B3421070}"
EndProject
Project("{FAE04EC0-301F-11D3-BF4B-00C04F79EFBC}") = "VRMShaders.GLTF.UniUnlit.Runtime", "VRMShaders.GLTF.UniUnlit.Runtime.csproj", "{C95A3567-B28C-6970-81B0-143F44B7C2F2}"
EndProject
Project("{FAE04EC0-301F-11D3-BF4B-00C04F79EFBC}") = "VRMShaders.VRM10.Format.Runtime", "VRMShaders.VRM10.Format.Runtime.csproj", "{AA1AD5F6-9185-7D05-6E5E-C8F7DF67AF91}"
EndProject
Project("{FAE04EC0-301F-11D3-BF4B-00C04F79EFBC}") = "Assembly-CSharp-Editor", "Assembly-CSharp-Editor.csproj", "{D2FA247B-A250-B911-C997-07A0A6BFA862}"
EndProject
Project("{FAE04EC0-301F-11D3-BF4B-00C04F79EFBC}") = "UniVRM.Editor", "UniVRM.Editor.csproj", "{E57CA1D6-12BC-36D9-A1E0-A21733F9DF0A}"
EndProject
Project("{FAE04EC0-301F-11D3-BF4B-00C04F79EFBC}") = "UniGLTF.Editor", "UniGLTF.Editor.csproj", "{6CB38240-48AD-ECAB-2678-326CF6F073E4}"
EndProject
Project("{FAE04EC0-301F-11D3-BF4B-00C04F79EFBC}") = "VRM.Tests", "VRM.Tests.csproj", "{419CBDC9-7A1A-CACE-5C6E-EB1DF4128709}"
EndProject
Project("{FAE04EC0-301F-11D3-BF4B-00C04F79EFBC}") = "UniHumanoid.Editor", "UniHumanoid.Editor.csproj", "{107444F1-01A9-005F-BC46-73DB02E7BAE2}"
EndProject
Project("{FAE04EC0-301F-11D3-BF4B-00C04F79EFBC}") = "UniGLTF.Tests", "UniGLTF.Tests.csproj", "{4DE36317-7FE9-5E48-4FF3-217406052868}"
EndProject
Project("{FAE04EC0-301F-11D3-BF4B-00C04F79EFBC}") = "VRMShaders.GLTF.IO.Tests", "VRMShaders.GLTF.IO.Tests.csproj", "{61E0D2B8-6400-9C15-0B75-5E08B9080E3C}"
EndProject
Project("{FAE04EC0-301F-11D3-BF4B-00C04F79EFBC}") = "VRMShaders.GLTF.UniUnlit.Editor", "VRMShaders.GLTF.UniUnlit.Editor.csproj", "{94F9CE5C-E4C9-E2F4-36EF-2C8C3E05DA1B}"
EndProject
Project("{FAE04EC0-301F-11D3-BF4B-00C04F79EFBC}") = "VRMShaders.GLTF.IO.Editor", "VRMShaders.GLTF.IO.Editor.csproj", "{6BB1E7B3-4305-D547-48ED-1766DE5804D7}"
EndProject
Project("{FAE04EC0-301F-11D3-BF4B-00C04F79EFBC}") = "VRMShaders.VRM10.MToon10.Editor", "VRMShaders.VRM10.MToon10.Editor.csproj", "{EEDB519B-CDAD-5380-1E5C-75C38D393A08}"
EndProject
Project("{FAE04EC0-301F-11D3-BF4B-00C04F79EFBC}") = "VRMShaders.VRM.IO.Editor", "VRMShaders.VRM.IO.Editor.csproj", "{E239B32E-AF5E-BEB1-A79F-83DDFC8F7CF3}"
EndProject
Project("{FAE04EC0-301F-11D3-BF4B-00C04F79EFBC}") = "MToon.Editor", "MToon.Editor.csproj", "{D518186C-0AAF-8C3C-9B6C-3179CD189D7A}"
EndProject
Project("{FAE04EC0-301F-11D3-BF4B-00C04F79EFBC}") = "UniHumanoid.Editor.Tests", "UniHumanoid.Editor.Tests.csproj", "{80F31F26-6B2E-207A-2756-3EC142848161}"
EndProject
Global
	GlobalSection(SolutionConfigurationPlatforms) = preSolution
		Debug|Any CPU = Debug|Any CPU
		Release|Any CPU = Release|Any CPU
	EndGlobalSection
	GlobalSection(ProjectConfigurationPlatforms) = postSolution
		{262AAA07-522B-7C74-B0C1-DF6682A2B49C}.Debug|Any CPU.ActiveCfg = Debug|Any CPU
		{262AAA07-522B-7C74-B0C1-DF6682A2B49C}.Debug|Any CPU.Build.0 = Debug|Any CPU
		{262AAA07-522B-7C74-B0C1-DF6682A2B49C}.Release|Any CPU.ActiveCfg = Release|Any CPU
		{262AAA07-522B-7C74-B0C1-DF6682A2B49C}.Release|Any CPU.Build.0 = Release|Any CPU
		{E88B2CE3-3290-CB3F-A341-5590C8ED106E}.Debug|Any CPU.ActiveCfg = Debug|Any CPU
		{E88B2CE3-3290-CB3F-A341-5590C8ED106E}.Debug|Any CPU.Build.0 = Debug|Any CPU
		{E88B2CE3-3290-CB3F-A341-5590C8ED106E}.Release|Any CPU.ActiveCfg = Release|Any CPU
		{E88B2CE3-3290-CB3F-A341-5590C8ED106E}.Release|Any CPU.Build.0 = Release|Any CPU
		{BA8AAE4E-A9FF-8879-38AD-9D41111325B6}.Debug|Any CPU.ActiveCfg = Debug|Any CPU
		{BA8AAE4E-A9FF-8879-38AD-9D41111325B6}.Debug|Any CPU.Build.0 = Debug|Any CPU
		{BA8AAE4E-A9FF-8879-38AD-9D41111325B6}.Release|Any CPU.ActiveCfg = Release|Any CPU
		{BA8AAE4E-A9FF-8879-38AD-9D41111325B6}.Release|Any CPU.Build.0 = Release|Any CPU
		{36E5CFB1-B98B-734B-537A-D42CC5CE3BB7}.Debug|Any CPU.ActiveCfg = Debug|Any CPU
		{36E5CFB1-B98B-734B-537A-D42CC5CE3BB7}.Debug|Any CPU.Build.0 = Debug|Any CPU
		{36E5CFB1-B98B-734B-537A-D42CC5CE3BB7}.Release|Any CPU.ActiveCfg = Release|Any CPU
		{36E5CFB1-B98B-734B-537A-D42CC5CE3BB7}.Release|Any CPU.Build.0 = Release|Any CPU
		{FAAA01DB-E496-3F68-119B-68150945E1FC}.Debug|Any CPU.ActiveCfg = Debug|Any CPU
		{FAAA01DB-E496-3F68-119B-68150945E1FC}.Debug|Any CPU.Build.0 = Debug|Any CPU
		{FAAA01DB-E496-3F68-119B-68150945E1FC}.Release|Any CPU.ActiveCfg = Release|Any CPU
		{FAAA01DB-E496-3F68-119B-68150945E1FC}.Release|Any CPU.Build.0 = Release|Any CPU
		{B2A3BCDA-718C-A705-69E8-3EECBA8103E7}.Debug|Any CPU.ActiveCfg = Debug|Any CPU
		{B2A3BCDA-718C-A705-69E8-3EECBA8103E7}.Debug|Any CPU.Build.0 = Debug|Any CPU
		{B2A3BCDA-718C-A705-69E8-3EECBA8103E7}.Release|Any CPU.ActiveCfg = Release|Any CPU
		{B2A3BCDA-718C-A705-69E8-3EECBA8103E7}.Release|Any CPU.Build.0 = Release|Any CPU
		{DB6B130C-0920-CB61-90D9-23956D0A602E}.Debug|Any CPU.ActiveCfg = Debug|Any CPU
		{DB6B130C-0920-CB61-90D9-23956D0A602E}.Debug|Any CPU.Build.0 = Debug|Any CPU
		{DB6B130C-0920-CB61-90D9-23956D0A602E}.Release|Any CPU.ActiveCfg = Release|Any CPU
		{DB6B130C-0920-CB61-90D9-23956D0A602E}.Release|Any CPU.Build.0 = Release|Any CPU
		{46B5334D-BE17-992B-A6A7-46C3B3421070}.Debug|Any CPU.ActiveCfg = Debug|Any CPU
		{46B5334D-BE17-992B-A6A7-46C3B3421070}.Debug|Any CPU.Build.0 = Debug|Any CPU
		{46B5334D-BE17-992B-A6A7-46C3B3421070}.Release|Any CPU.ActiveCfg = Release|Any CPU
		{46B5334D-BE17-992B-A6A7-46C3B3421070}.Release|Any CPU.Build.0 = Release|Any CPU
		{C95A3567-B28C-6970-81B0-143F44B7C2F2}.Debug|Any CPU.ActiveCfg = Debug|Any CPU
		{C95A3567-B28C-6970-81B0-143F44B7C2F2}.Debug|Any CPU.Build.0 = Debug|Any CPU
		{C95A3567-B28C-6970-81B0-143F44B7C2F2}.Release|Any CPU.ActiveCfg = Release|Any CPU
		{C95A3567-B28C-6970-81B0-143F44B7C2F2}.Release|Any CPU.Build.0 = Release|Any CPU
		{AA1AD5F6-9185-7D05-6E5E-C8F7DF67AF91}.Debug|Any CPU.ActiveCfg = Debug|Any CPU
		{AA1AD5F6-9185-7D05-6E5E-C8F7DF67AF91}.Debug|Any CPU.Build.0 = Debug|Any CPU
		{AA1AD5F6-9185-7D05-6E5E-C8F7DF67AF91}.Release|Any CPU.ActiveCfg = Release|Any CPU
		{AA1AD5F6-9185-7D05-6E5E-C8F7DF67AF91}.Release|Any CPU.Build.0 = Release|Any CPU
		{D2FA247B-A250-B911-C997-07A0A6BFA862}.Debug|Any CPU.ActiveCfg = Debug|Any CPU
		{D2FA247B-A250-B911-C997-07A0A6BFA862}.Debug|Any CPU.Build.0 = Debug|Any CPU
		{D2FA247B-A250-B911-C997-07A0A6BFA862}.Release|Any CPU.ActiveCfg = Release|Any CPU
		{D2FA247B-A250-B911-C997-07A0A6BFA862}.Release|Any CPU.Build.0 = Release|Any CPU
		{E57CA1D6-12BC-36D9-A1E0-A21733F9DF0A}.Debug|Any CPU.ActiveCfg = Debug|Any CPU
		{E57CA1D6-12BC-36D9-A1E0-A21733F9DF0A}.Debug|Any CPU.Build.0 = Debug|Any CPU
		{E57CA1D6-12BC-36D9-A1E0-A21733F9DF0A}.Release|Any CPU.ActiveCfg = Release|Any CPU
		{E57CA1D6-12BC-36D9-A1E0-A21733F9DF0A}.Release|Any CPU.Build.0 = Release|Any CPU
		{6CB38240-48AD-ECAB-2678-326CF6F073E4}.Debug|Any CPU.ActiveCfg = Debug|Any CPU
		{6CB38240-48AD-ECAB-2678-326CF6F073E4}.Debug|Any CPU.Build.0 = Debug|Any CPU
		{6CB38240-48AD-ECAB-2678-326CF6F073E4}.Release|Any CPU.ActiveCfg = Release|Any CPU
		{6CB38240-48AD-ECAB-2678-326CF6F073E4}.Release|Any CPU.Build.0 = Release|Any CPU
		{419CBDC9-7A1A-CACE-5C6E-EB1DF4128709}.Debug|Any CPU.ActiveCfg = Debug|Any CPU
		{419CBDC9-7A1A-CACE-5C6E-EB1DF4128709}.Debug|Any CPU.Build.0 = Debug|Any CPU
		{419CBDC9-7A1A-CACE-5C6E-EB1DF4128709}.Release|Any CPU.ActiveCfg = Release|Any CPU
		{419CBDC9-7A1A-CACE-5C6E-EB1DF4128709}.Release|Any CPU.Build.0 = Release|Any CPU
		{107444F1-01A9-005F-BC46-73DB02E7BAE2}.Debug|Any CPU.ActiveCfg = Debug|Any CPU
		{107444F1-01A9-005F-BC46-73DB02E7BAE2}.Debug|Any CPU.Build.0 = Debug|Any CPU
		{107444F1-01A9-005F-BC46-73DB02E7BAE2}.Release|Any CPU.ActiveCfg = Release|Any CPU
		{107444F1-01A9-005F-BC46-73DB02E7BAE2}.Release|Any CPU.Build.0 = Release|Any CPU
		{4DE36317-7FE9-5E48-4FF3-217406052868}.Debug|Any CPU.ActiveCfg = Debug|Any CPU
		{4DE36317-7FE9-5E48-4FF3-217406052868}.Debug|Any CPU.Build.0 = Debug|Any CPU
		{4DE36317-7FE9-5E48-4FF3-217406052868}.Release|Any CPU.ActiveCfg = Release|Any CPU
		{4DE36317-7FE9-5E48-4FF3-217406052868}.Release|Any CPU.Build.0 = Release|Any CPU
		{61E0D2B8-6400-9C15-0B75-5E08B9080E3C}.Debug|Any CPU.ActiveCfg = Debug|Any CPU
		{61E0D2B8-6400-9C15-0B75-5E08B9080E3C}.Debug|Any CPU.Build.0 = Debug|Any CPU
		{61E0D2B8-6400-9C15-0B75-5E08B9080E3C}.Release|Any CPU.ActiveCfg = Release|Any CPU
		{61E0D2B8-6400-9C15-0B75-5E08B9080E3C}.Release|Any CPU.Build.0 = Release|Any CPU
		{94F9CE5C-E4C9-E2F4-36EF-2C8C3E05DA1B}.Debug|Any CPU.ActiveCfg = Debug|Any CPU
		{94F9CE5C-E4C9-E2F4-36EF-2C8C3E05DA1B}.Debug|Any CPU.Build.0 = Debug|Any CPU
		{94F9CE5C-E4C9-E2F4-36EF-2C8C3E05DA1B}.Release|Any CPU.ActiveCfg = Release|Any CPU
		{94F9CE5C-E4C9-E2F4-36EF-2C8C3E05DA1B}.Release|Any CPU.Build.0 = Release|Any CPU
		{6BB1E7B3-4305-D547-48ED-1766DE5804D7}.Debug|Any CPU.ActiveCfg = Debug|Any CPU
		{6BB1E7B3-4305-D547-48ED-1766DE5804D7}.Debug|Any CPU.Build.0 = Debug|Any CPU
		{6BB1E7B3-4305-D547-48ED-1766DE5804D7}.Release|Any CPU.ActiveCfg = Release|Any CPU
		{6BB1E7B3-4305-D547-48ED-1766DE5804D7}.Release|Any CPU.Build.0 = Release|Any CPU
		{EEDB519B-CDAD-5380-1E5C-75C38D393A08}.Debug|Any CPU.ActiveCfg = Debug|Any CPU
		{EEDB519B-CDAD-5380-1E5C-75C38D393A08}.Debug|Any CPU.Build.0 = Debug|Any CPU
		{EEDB519B-CDAD-5380-1E5C-75C38D393A08}.Release|Any CPU.ActiveCfg = Release|Any CPU
		{EEDB519B-CDAD-5380-1E5C-75C38D393A08}.Release|Any CPU.Build.0 = Release|Any CPU
		{E239B32E-AF5E-BEB1-A79F-83DDFC8F7CF3}.Debug|Any CPU.ActiveCfg = Debug|Any CPU
		{E239B32E-AF5E-BEB1-A79F-83DDFC8F7CF3}.Debug|Any CPU.Build.0 = Debug|Any CPU
		{E239B32E-AF5E-BEB1-A79F-83DDFC8F7CF3}.Release|Any CPU.ActiveCfg = Release|Any CPU
		{E239B32E-AF5E-BEB1-A79F-83DDFC8F7CF3}.Release|Any CPU.Build.0 = Release|Any CPU
		{D518186C-0AAF-8C3C-9B6C-3179CD189D7A}.Debug|Any CPU.ActiveCfg = Debug|Any CPU
		{D518186C-0AAF-8C3C-9B6C-3179CD189D7A}.Debug|Any CPU.Build.0 = Debug|Any CPU
		{D518186C-0AAF-8C3C-9B6C-3179CD189D7A}.Release|Any CPU.ActiveCfg = Release|Any CPU
		{D518186C-0AAF-8C3C-9B6C-3179CD189D7A}.Release|Any CPU.Build.0 = Release|Any CPU
		{80F31F26-6B2E-207A-2756-3EC142848161}.Debug|Any CPU.ActiveCfg = Debug|Any CPU
		{80F31F26-6B2E-207A-2756-3EC142848161}.Debug|Any CPU.Build.0 = Debug|Any CPU
		{80F31F26-6B2E-207A-2756-3EC142848161}.Release|Any CPU.ActiveCfg = Release|Any CPU
		{80F31F26-6B2E-207A-2756-3EC142848161}.Release|Any CPU.Build.0 = Release|Any CPU
	EndGlobalSection
	GlobalSection(SolutionProperties) = preSolution
		HideSolutionNode = FALSE
	EndGlobalSection
	GlobalSection(MonoDevelopProperties) = preSolution
		StartupItem = Assembly-CSharp.csproj
	EndGlobalSection
EndGlobal
